
Microsoft Visual Studio Solution File, Format Version 12.00
# Visual Studio Version 17
VisualStudioVersion = 17.8.34511.84
MinimumVisualStudioVersion = 10.0.40219.1
Project("{FAE04EC0-301F-11D3-BF4B-00C04F79EFBC}") = "SitioWebANGEL", "SitioWebANGEL\SitioWebANGEL.csproj", "{DB29A182-E0D6-4ECA-BDEC-CC069030CADC}"
EndProject
Global
	GlobalSection(SolutionConfigurationPlatforms) = preSolution
		Debug|Any CPU = Debug|Any CPU
		Release|Any CPU = Release|Any CPU
	EndGlobalSection
	GlobalSection(ProjectConfigurationPlatforms) = postSolution
		{DB29A182-E0D6-4ECA-BDEC-CC069030CADC}.Debug|Any CPU.ActiveCfg = Debug|Any CPU
		{DB29A182-E0D6-4ECA-BDEC-CC069030CADC}.Debug|Any CPU.Build.0 = Debug|Any CPU
		{DB29A182-E0D6-4ECA-BDEC-CC069030CADC}.Release|Any CPU.ActiveCfg = Release|Any CPU
		{DB29A182-E0D6-4ECA-BDEC-CC069030CADC}.Release|Any CPU.Build.0 = Release|Any CPU
	EndGlobalSection
	GlobalSection(SolutionProperties) = preSolution
		HideSolutionNode = FALSE
	EndGlobalSection
	GlobalSection(ExtensibilityGlobals) = postSolution
		SolutionGuid = {92E1012F-FD84-4714-8BA6-B568A58B2520}
	EndGlobalSection
EndGlobal
